
Microsoft Visual Studio Solution File, Format Version 12.00
# Visual Studio Version 16
VisualStudioVersion = 16.0.29806.167
MinimumVisualStudioVersion = 10.0.40219.1
Project("{FAE04EC0-301F-11D3-BF4B-00C04F79EFBC}") = "Week1Opdracht1", "Opr1_SoftwareBedrijf\Week1Opdracht1.csproj", "{35DE8F60-60E7-4E89-9719-5FD375431884}"
EndProject
Project("{FAE04EC0-301F-11D3-BF4B-00C04F79EFBC}") = "Week1Opdracht2", "Week1_Opdracht2\Week1Opdracht2.csproj", "{2EE09FCA-872B-4EE0-80B0-EBEB5F2F8814}"
EndProject
Project("{FAE04EC0-301F-11D3-BF4B-00C04F79EFBC}") = "Week2Opdracht1", "Week2Opdracht1\Week2Opdracht1.csproj", "{7E7DB594-A8F0-4808-96E4-948E64B60F95}"
EndProject
Project("{FAE04EC0-301F-11D3-BF4B-00C04F79EFBC}") = "Week2Opdracht2", "Week2Opdracht2\Week2Opdracht2.csproj", "{A6747EDF-CBEB-4711-8300-783A14E33064}"
EndProject
Project("{FAE04EC0-301F-11D3-BF4B-00C04F79EFBC}") = "Week2Opdracht3", "Week2Opdracht3\Week2Opdracht3.csproj", "{5E8F777A-5A43-481A-86A6-3A263E792D99}"
EndProject
Project("{FAE04EC0-301F-11D3-BF4B-00C04F79EFBC}") = "Week3Opdracht1", "Week3Opdracht1\Week3Opdracht1.csproj", "{9CA0F406-970C-4168-9F0C-DD13223D3762}"
EndProject
Project("{FAE04EC0-301F-11D3-BF4B-00C04F79EFBC}") = "Week3Opdracht2", "Week3Opdracht2\Week3Opdracht2.csproj", "{4ACD3F67-9D36-4BF0-B916-40CB559B1FDD}"
EndProject
Project("{FAE04EC0-301F-11D3-BF4B-00C04F79EFBC}") = "Week4Opdracht1", "Week4Opdracht1\Week4Opdracht1.csproj", "{7E824333-E17F-426B-9D69-A2854832B720}"
EndProject
Global
	GlobalSection(SolutionConfigurationPlatforms) = preSolution
		Debug|Any CPU = Debug|Any CPU
		Release|Any CPU = Release|Any CPU
	EndGlobalSection
	GlobalSection(ProjectConfigurationPlatforms) = postSolution
		{35DE8F60-60E7-4E89-9719-5FD375431884}.Debug|Any CPU.ActiveCfg = Debug|Any CPU
		{35DE8F60-60E7-4E89-9719-5FD375431884}.Debug|Any CPU.Build.0 = Debug|Any CPU
		{35DE8F60-60E7-4E89-9719-5FD375431884}.Release|Any CPU.ActiveCfg = Release|Any CPU
		{35DE8F60-60E7-4E89-9719-5FD375431884}.Release|Any CPU.Build.0 = Release|Any CPU
		{2EE09FCA-872B-4EE0-80B0-EBEB5F2F8814}.Debug|Any CPU.ActiveCfg = Debug|Any CPU
		{2EE09FCA-872B-4EE0-80B0-EBEB5F2F8814}.Debug|Any CPU.Build.0 = Debug|Any CPU
		{2EE09FCA-872B-4EE0-80B0-EBEB5F2F8814}.Release|Any CPU.ActiveCfg = Release|Any CPU
		{2EE09FCA-872B-4EE0-80B0-EBEB5F2F8814}.Release|Any CPU.Build.0 = Release|Any CPU
		{7E7DB594-A8F0-4808-96E4-948E64B60F95}.Debug|Any CPU.ActiveCfg = Debug|Any CPU
		{7E7DB594-A8F0-4808-96E4-948E64B60F95}.Debug|Any CPU.Build.0 = Debug|Any CPU
		{7E7DB594-A8F0-4808-96E4-948E64B60F95}.Release|Any CPU.ActiveCfg = Release|Any CPU
		{7E7DB594-A8F0-4808-96E4-948E64B60F95}.Release|Any CPU.Build.0 = Release|Any CPU
		{A6747EDF-CBEB-4711-8300-783A14E33064}.Debug|Any CPU.ActiveCfg = Debug|Any CPU
		{A6747EDF-CBEB-4711-8300-783A14E33064}.Debug|Any CPU.Build.0 = Debug|Any CPU
		{A6747EDF-CBEB-4711-8300-783A14E33064}.Release|Any CPU.ActiveCfg = Release|Any CPU
		{A6747EDF-CBEB-4711-8300-783A14E33064}.Release|Any CPU.Build.0 = Release|Any CPU
		{5E8F777A-5A43-481A-86A6-3A263E792D99}.Debug|Any CPU.ActiveCfg = Debug|Any CPU
		{5E8F777A-5A43-481A-86A6-3A263E792D99}.Debug|Any CPU.Build.0 = Debug|Any CPU
		{5E8F777A-5A43-481A-86A6-3A263E792D99}.Release|Any CPU.ActiveCfg = Release|Any CPU
		{5E8F777A-5A43-481A-86A6-3A263E792D99}.Release|Any CPU.Build.0 = Release|Any CPU
		{9CA0F406-970C-4168-9F0C-DD13223D3762}.Debug|Any CPU.ActiveCfg = Debug|Any CPU
		{9CA0F406-970C-4168-9F0C-DD13223D3762}.Debug|Any CPU.Build.0 = Debug|Any CPU
		{9CA0F406-970C-4168-9F0C-DD13223D3762}.Release|Any CPU.ActiveCfg = Release|Any CPU
		{9CA0F406-970C-4168-9F0C-DD13223D3762}.Release|Any CPU.Build.0 = Release|Any CPU
		{4ACD3F67-9D36-4BF0-B916-40CB559B1FDD}.Debug|Any CPU.ActiveCfg = Debug|Any CPU
		{4ACD3F67-9D36-4BF0-B916-40CB559B1FDD}.Debug|Any CPU.Build.0 = Debug|Any CPU
		{4ACD3F67-9D36-4BF0-B916-40CB559B1FDD}.Release|Any CPU.ActiveCfg = Release|Any CPU
		{4ACD3F67-9D36-4BF0-B916-40CB559B1FDD}.Release|Any CPU.Build.0 = Release|Any CPU
		{7E824333-E17F-426B-9D69-A2854832B720}.Debug|Any CPU.ActiveCfg = Debug|Any CPU
		{7E824333-E17F-426B-9D69-A2854832B720}.Debug|Any CPU.Build.0 = Debug|Any CPU
		{7E824333-E17F-426B-9D69-A2854832B720}.Release|Any CPU.ActiveCfg = Release|Any CPU
		{7E824333-E17F-426B-9D69-A2854832B720}.Release|Any CPU.Build.0 = Release|Any CPU
	EndGlobalSection
	GlobalSection(SolutionProperties) = preSolution
		HideSolutionNode = FALSE
	EndGlobalSection
	GlobalSection(ExtensibilityGlobals) = postSolution
		SolutionGuid = {ACC7B937-B6A7-4394-8860-08E6A49C56AD}
	EndGlobalSection
EndGlobal
