
Microsoft Visual Studio Solution File, Format Version 12.00
# Visual Studio 15
VisualStudioVersion = 15.0.28307.645
MinimumVisualStudioVersion = 10.0.40219.1
Project("{FAE04EC0-301F-11D3-BF4B-00C04F79EFBC}") = "Week1Opdracht1", "Opr1_SoftwareBedrijf\Week1Opdracht1.csproj", "{35DE8F60-60E7-4E89-9719-5FD375431884}"
EndProject
Project("{FAE04EC0-301F-11D3-BF4B-00C04F79EFBC}") = "Week1Opdracht2", "Week1_Opdracht2\Week1Opdracht2.csproj", "{2EE09FCA-872B-4EE0-80B0-EBEB5F2F8814}"
EndProject
Global
	GlobalSection(SolutionConfigurationPlatforms) = preSolution
		Debug|Any CPU = Debug|Any CPU
		Release|Any CPU = Release|Any CPU
	EndGlobalSection
	GlobalSection(ProjectConfigurationPlatforms) = postSolution
		{35DE8F60-60E7-4E89-9719-5FD375431884}.Debug|Any CPU.ActiveCfg = Debug|Any CPU
		{35DE8F60-60E7-4E89-9719-5FD375431884}.Debug|Any CPU.Build.0 = Debug|Any CPU
		{35DE8F60-60E7-4E89-9719-5FD375431884}.Release|Any CPU.ActiveCfg = Release|Any CPU
		{35DE8F60-60E7-4E89-9719-5FD375431884}.Release|Any CPU.Build.0 = Release|Any CPU
		{2EE09FCA-872B-4EE0-80B0-EBEB5F2F8814}.Debug|Any CPU.ActiveCfg = Debug|Any CPU
		{2EE09FCA-872B-4EE0-80B0-EBEB5F2F8814}.Debug|Any CPU.Build.0 = Debug|Any CPU
		{2EE09FCA-872B-4EE0-80B0-EBEB5F2F8814}.Release|Any CPU.ActiveCfg = Release|Any CPU
		{2EE09FCA-872B-4EE0-80B0-EBEB5F2F8814}.Release|Any CPU.Build.0 = Release|Any CPU
	EndGlobalSection
	GlobalSection(SolutionProperties) = preSolution
		HideSolutionNode = FALSE
	EndGlobalSection
	GlobalSection(ExtensibilityGlobals) = postSolution
		SolutionGuid = {ACC7B937-B6A7-4394-8860-08E6A49C56AD}
	EndGlobalSection
EndGlobal
